
Microsoft Visual Studio Solution File, Format Version 12.00
# Visual Studio Version 17
VisualStudioVersion = 17.6.33723.286
MinimumVisualStudioVersion = 10.0.40219.1
Project("{FAE04EC0-301F-11D3-BF4B-00C04F79EFBC}") = "ontrackingCorreos", "ontrackingCorreos\ontrackingCorreos.csproj", "{7B08FCE0-3B22-4189-A4F1-65D79D4673F6}"
EndProject
Global
	GlobalSection(SolutionConfigurationPlatforms) = preSolution
		Debug|Any CPU = Debug|Any CPU
		Release|Any CPU = Release|Any CPU
	EndGlobalSection
	GlobalSection(ProjectConfigurationPlatforms) = postSolution
		{7B08FCE0-3B22-4189-A4F1-65D79D4673F6}.Debug|Any CPU.ActiveCfg = Debug|Any CPU
		{7B08FCE0-3B22-4189-A4F1-65D79D4673F6}.Debug|Any CPU.Build.0 = Debug|Any CPU
		{7B08FCE0-3B22-4189-A4F1-65D79D4673F6}.Release|Any CPU.ActiveCfg = Release|Any CPU
		{7B08FCE0-3B22-4189-A4F1-65D79D4673F6}.Release|Any CPU.Build.0 = Release|Any CPU
	EndGlobalSection
	GlobalSection(SolutionProperties) = preSolution
		HideSolutionNode = FALSE
	EndGlobalSection
	GlobalSection(ExtensibilityGlobals) = postSolution
		SolutionGuid = {AA1AC5E3-9983-4BAA-86B4-35B17381EFFA}
	EndGlobalSection
EndGlobal
